
Microsoft Visual Studio Solution File, Format Version 12.00
# Visual Studio Version 16
VisualStudioVersion = 16.0.32630.194
MinimumVisualStudioVersion = 10.0.40219.1
Project("{8BC9CEB8-8B4A-11D0-8D11-00A0C91BC942}") = "DesignMode", "DesignMode\DesignMode.vcxproj", "{AE15F14A-A095-4002-AEDE-3863338871AE}"
EndProject
Global
	GlobalSection(SolutionConfigurationPlatforms) = preSolution
		Debug|x64 = Debug|x64
		Debug|x86 = Debug|x86
		Release|x64 = Release|x64
		Release|x86 = Release|x86
	EndGlobalSection
	GlobalSection(ProjectConfigurationPlatforms) = postSolution
		{AE15F14A-A095-4002-AEDE-3863338871AE}.Debug|x64.ActiveCfg = Debug|x64
		{AE15F14A-A095-4002-AEDE-3863338871AE}.Debug|x64.Build.0 = Debug|x64
		{AE15F14A-A095-4002-AEDE-3863338871AE}.Debug|x86.ActiveCfg = Debug|Win32
		{AE15F14A-A095-4002-AEDE-3863338871AE}.Debug|x86.Build.0 = Debug|Win32
		{AE15F14A-A095-4002-AEDE-3863338871AE}.Release|x64.ActiveCfg = Release|x64
		{AE15F14A-A095-4002-AEDE-3863338871AE}.Release|x64.Build.0 = Release|x64
		{AE15F14A-A095-4002-AEDE-3863338871AE}.Release|x86.ActiveCfg = Release|Win32
		{AE15F14A-A095-4002-AEDE-3863338871AE}.Release|x86.Build.0 = Release|Win32
	EndGlobalSection
	GlobalSection(SolutionProperties) = preSolution
		HideSolutionNode = FALSE
	EndGlobalSection
	GlobalSection(ExtensibilityGlobals) = postSolution
		SolutionGuid = {932CB285-608F-4AD6-BDB4-34F26FB167D1}
	EndGlobalSection
EndGlobal
